
Microsoft Visual Studio Solution File, Format Version 12.00
# Visual Studio Version 17
VisualStudioVersion = 17.9.34622.214
MinimumVisualStudioVersion = 10.0.40219.1
Project("{FAE04EC0-301F-11D3-BF4B-00C04F79EFBC}") = "WindowsFormsApp1", "WindowsFormsApp1\WindowsFormsApp1.csproj", "{AD61B40B-D5E7-479D-9356-48A52E4E10E2}"
EndProject
Project("{FAE04EC0-301F-11D3-BF4B-00C04F79EFBC}") = "DAL", "DAL\DAL.csproj", "{210D6BE7-F4C4-4E9B-88E9-D58C21070719}"
EndProject
Project("{FAE04EC0-301F-11D3-BF4B-00C04F79EFBC}") = "comun", "comun\comun.csproj", "{D29803C5-3460-490F-A7AD-4CC0999056A7}"
EndProject
Global
	GlobalSection(SolutionConfigurationPlatforms) = preSolution
		Debug|Any CPU = Debug|Any CPU
		Release|Any CPU = Release|Any CPU
	EndGlobalSection
	GlobalSection(ProjectConfigurationPlatforms) = postSolution
		{AD61B40B-D5E7-479D-9356-48A52E4E10E2}.Debug|Any CPU.ActiveCfg = Debug|Any CPU
		{AD61B40B-D5E7-479D-9356-48A52E4E10E2}.Debug|Any CPU.Build.0 = Debug|Any CPU
		{AD61B40B-D5E7-479D-9356-48A52E4E10E2}.Release|Any CPU.ActiveCfg = Release|Any CPU
		{AD61B40B-D5E7-479D-9356-48A52E4E10E2}.Release|Any CPU.Build.0 = Release|Any CPU
		{210D6BE7-F4C4-4E9B-88E9-D58C21070719}.Debug|Any CPU.ActiveCfg = Debug|Any CPU
		{210D6BE7-F4C4-4E9B-88E9-D58C21070719}.Debug|Any CPU.Build.0 = Debug|Any CPU
		{210D6BE7-F4C4-4E9B-88E9-D58C21070719}.Release|Any CPU.ActiveCfg = Release|Any CPU
		{210D6BE7-F4C4-4E9B-88E9-D58C21070719}.Release|Any CPU.Build.0 = Release|Any CPU
		{D29803C5-3460-490F-A7AD-4CC0999056A7}.Debug|Any CPU.ActiveCfg = Debug|Any CPU
		{D29803C5-3460-490F-A7AD-4CC0999056A7}.Debug|Any CPU.Build.0 = Debug|Any CPU
		{D29803C5-3460-490F-A7AD-4CC0999056A7}.Release|Any CPU.ActiveCfg = Release|Any CPU
		{D29803C5-3460-490F-A7AD-4CC0999056A7}.Release|Any CPU.Build.0 = Release|Any CPU
	EndGlobalSection
	GlobalSection(SolutionProperties) = preSolution
		HideSolutionNode = FALSE
	EndGlobalSection
	GlobalSection(ExtensibilityGlobals) = postSolution
		SolutionGuid = {699861D3-F8E3-4303-B5D2-E1069D230E96}
	EndGlobalSection
EndGlobal
